<?xml version="1.0" encoding="utf-8"?>
<Project ToolsVersion="4.0" xmlns="http://schemas.microsoft.com/developer/msbuild/2003">
  <ItemGroup>
    <Filter Include="Source Files">
      <UniqueIdentifier>{4FC737F1-C7A5-4376-A066-2A32D752A2FF}</UniqueIdentifier>
      <Extensions>cpp;c;cc;cxx;def;odl;idl;hpj;bat;asm;asmx</Extensions>
    </Filter>
    <Filter Include="Header Files">
      <UniqueIdentifier>{93995380-89BD-4b04-88EB-625FBE52EBFB}</UniqueIdentifier>
      <Extensions>h;hh;hpp;hxx;hm;inl;inc;xsd</Extensions>
    </Filter>
    <Filter Include="Header Files\dx11">
      <UniqueIdentifier>{4420630b-6e23-4084-934a-16e7d7edcf43}</UniqueIdentifier>
    </Filter>
    <Filter Include="Source Files\dx11">
      <UniqueIdentifier>{a69e8947-17fe-44fd-b130-95c6b4c33f7c}</UniqueIdentifier>
    </Filter>
    <Filter Include="Source Files\shaders">
      <UniqueIdentifier>{d8f69b72-db64-4da9-bee6-ef615f034f58}</UniqueIdentifier>
    </Filter>
    <Filter Include="Header Files\imgui">
      <UniqueIdentifier>{9e44e6a8-6141-4b61-9148-903fd5a4aac9}</UniqueIdentifier>
    </Filter>
    <Filter Include="Source Files\imgui">
      <UniqueIdentifier>{3eb78680-3e76-4ded-a857-9e072d91c9d2}</UniqueIdentifier>
    </Filter>
  </ItemGroup>
  <ItemGroup>
    <ClCompile Include="Main.cpp">
      <Filter>Source Files</Filter>
    </ClCompile>
    <ClCompile Include="Graphics.cpp">
      <Filter>Source Files</Filter>
    </ClCompile>
    <ClCompile Include="dx11\DeviceImpl.cpp">
      <Filter>Source Files\dx11</Filter>
    </ClCompile>
    <ClCompile Include="dx11\TextureImpl.cpp">
      <Filter>Source Files\dx11</Filter>
    </ClCompile>
    <ClCompile Include="dx11\TextureViewImpl.cpp">
      <Filter>Source Files\dx11</Filter>
    </ClCompile>
    <ClCompile Include="dx11\BufferImpl.cpp">
      <Filter>Source Files\dx11</Filter>
    </ClCompile>
    <ClCompile Include="dx11\BufferViewImpl.cpp">
      <Filter>Source Files\dx11</Filter>
    </ClCompile>
    <ClCompile Include="dx11\CommandBufferImpl.cpp">
      <Filter>Source Files\dx11</Filter>
    </ClCompile>
    <ClCompile Include="dx11\DX11Utils.cpp">
      <Filter>Source Files\dx11</Filter>
    </ClCompile>
    <ClCompile Include="dx11\SamplerImpl.cpp">
      <Filter>Source Files\dx11</Filter>
    </ClCompile>
    <ClCompile Include="dx11\GraphicsPipelineImpl.cpp">
      <Filter>Source Files\dx11</Filter>
    </ClCompile>
    <ClCompile Include="dx11\ComputePipelineImpl.cpp">
      <Filter>Source Files\dx11</Filter>
    </ClCompile>
    <ClCompile Include="SceneRenderer.cpp">
      <Filter>Source Files</Filter>
    </ClCompile>
    <ClCompile Include="ShaderManager.cpp">
      <Filter>Source Files</Filter>
    </ClCompile>
    <ClCompile Include="dx11\ShaderManagerImpl.cpp">
      <Filter>Source Files\dx11</Filter>
    </ClCompile>
    <ClCompile Include="dx11\ShaderImpl.cpp">
      <Filter>Source Files\dx11</Filter>
    </ClCompile>
    <ClCompile Include="Camera.cpp">
      <Filter>Source Files</Filter>
    </ClCompile>
    <ClCompile Include="Types.cpp">
      <Filter>Source Files</Filter>
    </ClCompile>
    <ClCompile Include="GameLogic.cpp">
      <Filter>Source Files</Filter>
    </ClCompile>
    <ClCompile Include="Math.cpp">
      <Filter>Source Files</Filter>
    </ClCompile>
    <ClCompile Include="imgui\imgui.cpp">
      <Filter>Source Files\imgui</Filter>
    </ClCompile>
    <ClCompile Include="imgui\imgui_demo.cpp">
      <Filter>Source Files\imgui</Filter>
    </ClCompile>
    <ClCompile Include="imgui\imgui_draw.cpp">
      <Filter>Source Files\imgui</Filter>
    </ClCompile>
    <ClCompile Include="ImGuiRenderer.cpp">
      <Filter>Source Files</Filter>
    </ClCompile>
    <ClCompile Include="dx11\MappingImpl.cpp">
      <Filter>Source Files\dx11</Filter>
    </ClCompile>
    <ClCompile Include="ImGuiInputHandler.cpp">
      <Filter>Source Files</Filter>
    </ClCompile>
    <ClCompile Include="InputHandler.cpp">
      <Filter>Source Files</Filter>
    </ClCompile>
    <ClCompile Include="ScreenBuffers.cpp">
      <Filter>Source Files</Filter>
    </ClCompile>
    <ClCompile Include="ImageBuffers.cpp">
      <Filter>Source Files\shaders</Filter>
    </ClCompile>
  </ItemGroup>
  <ItemGroup>
    <ClInclude Include="Descriptors.hpp">
      <Filter>Header Files</Filter>
    </ClInclude>
    <ClInclude Include="Errors.hpp">
      <Filter>Header Files</Filter>
    </ClInclude>
    <ClInclude Include="Graphics.hpp">
      <Filter>Header Files</Filter>
    </ClInclude>
    <ClInclude Include="SceneRenderer.hpp">
      <Filter>Header Files</Filter>
    </ClInclude>
    <ClInclude Include="Types.hpp">
      <Filter>Header Files</Filter>
    </ClInclude>
    <ClInclude Include="dx11\DeviceImpl.hpp">
      <Filter>Header Files\dx11</Filter>
    </ClInclude>
    <ClInclude Include="dx11\TextureImpl.hpp">
      <Filter>Header Files\dx11</Filter>
    </ClInclude>
    <ClInclude Include="dx11\TextureViewImpl.hpp">
      <Filter>Header Files\dx11</Filter>
    </ClInclude>
    <ClInclude Include="dx11\BufferImpl.hpp">
      <Filter>Header Files\dx11</Filter>
    </ClInclude>
    <ClInclude Include="dx11\BufferViewImpl.hpp">
      <Filter>Header Files\dx11</Filter>
    </ClInclude>
    <ClInclude Include="dx11\CommandBufferImpl.hpp">
      <Filter>Header Files\dx11</Filter>
    </ClInclude>
    <ClInclude Include="DX11Graphics.hpp">
      <Filter>Header Files</Filter>
    </ClInclude>
    <ClInclude Include="dx11\DX11Utils.hpp">
      <Filter>Header Files\dx11</Filter>
    </ClInclude>
    <ClInclude Include="dx11\SamplerImpl.hpp">
      <Filter>Header Files\dx11</Filter>
    </ClInclude>
    <ClInclude Include="dx11\GraphicsPipelineImpl.hpp">
      <Filter>Header Files\dx11</Filter>
    </ClInclude>
    <ClInclude Include="dx11\ComputePipelineImpl.hpp">
      <Filter>Header Files\dx11</Filter>
    </ClInclude>
    <ClInclude Include="ShaderManager.hpp">
      <Filter>Header Files</Filter>
    </ClInclude>
    <ClInclude Include="shaders\Test.if.h">
      <Filter>Source Files\shaders</Filter>
    </ClInclude>
    <ClInclude Include="dx11\ResourceViewImpl.hpp">
      <Filter>Header Files\dx11</Filter>
    </ClInclude>
    <ClInclude Include="Math.hpp">
      <Filter>Header Files</Filter>
    </ClInclude>
    <ClInclude Include="ShaderResourcesImpl.hpp">
      <Filter>Header Files\dx11</Filter>
    </ClInclude>
    <ClInclude Include="shaders\Test2.if.h">
      <Filter>Source Files\shaders</Filter>
    </ClInclude>
    <ClInclude Include="dx11\ShaderManagerImpl.hpp">
      <Filter>Header Files\dx11</Filter>
    </ClInclude>
    <ClInclude Include="dx11\ShaderImpl.hpp">
      <Filter>Header Files\dx11</Filter>
    </ClInclude>
    <ClInclude Include="Camera.hpp">
      <Filter>Header Files</Filter>
    </ClInclude>
    <ClInclude Include="Action.hpp">
      <Filter>Header Files</Filter>
    </ClInclude>
    <ClInclude Include="GameLogic.hpp">
      <Filter>Header Files</Filter>
    </ClInclude>
    <ClInclude Include="imgui\stb_truetype.h">
      <Filter>Header Files\imgui</Filter>
    </ClInclude>
    <ClInclude Include="imgui\stb_textedit.h">
      <Filter>Header Files\imgui</Filter>
    </ClInclude>
    <ClInclude Include="imgui\stb_rect_pack.h">
      <Filter>Header Files\imgui</Filter>
    </ClInclude>
    <ClInclude Include="imgui\imconfig.h">
      <Filter>Header Files\imgui</Filter>
    </ClInclude>
    <ClInclude Include="imgui\imgui.h">
      <Filter>Header Files\imgui</Filter>
    </ClInclude>
    <ClInclude Include="imgui\imgui_internal.h">
      <Filter>Header Files\imgui</Filter>
    </ClInclude>
    <ClInclude Include="ImGuiRenderer.hpp">
      <Filter>Header Files</Filter>
    </ClInclude>
    <ClInclude Include="shaders\ImGuiRenderer.if.h">
      <Filter>Source Files\shaders</Filter>
    </ClInclude>
    <ClInclude Include="shaders\ShaderInterface.h">
      <Filter>Source Files\shaders</Filter>
    </ClInclude>
    <ClInclude Include="dx11\MappingImpl.hpp">
      <Filter>Header Files\dx11</Filter>
    </ClInclude>
    <ClInclude Include="dx11\InputLayoutImpl.hpp">
      <Filter>Header Files\dx11</Filter>
    </ClInclude>
    <ClInclude Include="ImGuiInputHandler.hpp">
      <Filter>Header Files</Filter>
    </ClInclude>
    <ClInclude Include="InputHandler.hpp">
      <Filter>Header Files</Filter>
    </ClInclude>
    <ClInclude Include="ScreenBuffers.hpp">
      <Filter>Header Files</Filter>
    </ClInclude>
    <ClInclude Include="ImageBuffers.hpp">
      <Filter>Header Files</Filter>
    </ClInclude>
  </ItemGroup>
  <ItemGroup>
    <FxCompile Include="shaders\Test.cs.hlsl">
      <Filter>Source Files\shaders</Filter>
    </FxCompile>
    <FxCompile Include="shaders\Test2.vs.hlsl">
      <Filter>Source Files\shaders</Filter>
    </FxCompile>
    <FxCompile Include="shaders\Test2.ps.hlsl">
      <Filter>Source Files\shaders</Filter>
    </FxCompile>
    <FxCompile Include="shaders\ImGuiRenderer.vs.hlsl">
      <Filter>Source Files\shaders</Filter>
    </FxCompile>
    <FxCompile Include="shaders\ImGuiRenderer.ps.hlsl">
      <Filter>Source Files\shaders</Filter>
    </FxCompile>
  </ItemGroup>
</Project>