<?xml version="1.0" encoding="utf-8"?>
<Project ToolsVersion="4.0" xmlns="http://schemas.microsoft.com/developer/msbuild/2003">
  <ItemGroup>
    <Filter Include="Source Files">
      <UniqueIdentifier>{4FC737F1-C7A5-4376-A066-2A32D752A2FF}</UniqueIdentifier>
      <Extensions>cpp;c;cc;cxx;def;odl;idl;hpj;bat;asm;asmx</Extensions>
    </Filter>
    <Filter Include="Header Files">
      <UniqueIdentifier>{93995380-89BD-4b04-88EB-625FBE52EBFB}</UniqueIdentifier>
      <Extensions>h;hh;hpp;hxx;hm;inl;inc;xsd</Extensions>
    </Filter>
    <Filter Include="Header Files\imgui">
      <UniqueIdentifier>{9e44e6a8-6141-4b61-9148-903fd5a4aac9}</UniqueIdentifier>
    </Filter>
    <Filter Include="Source Files\imgui">
      <UniqueIdentifier>{3eb78680-3e76-4ded-a857-9e072d91c9d2}</UniqueIdentifier>
    </Filter>
    <Filter Include="Header Files\rendering">
      <UniqueIdentifier>{6ad9dda8-2494-492b-af42-6600dc5876f2}</UniqueIdentifier>
    </Filter>
    <Filter Include="Header Files\graphics">
      <UniqueIdentifier>{55142e57-183e-4c4a-85b2-cd2035eac758}</UniqueIdentifier>
    </Filter>
    <Filter Include="Header Files\input">
      <UniqueIdentifier>{e0c0aa23-8478-4a2a-a5de-c653a77737f8}</UniqueIdentifier>
    </Filter>
    <Filter Include="Header Files\asset">
      <UniqueIdentifier>{c4527403-cf92-4d5d-af13-dcd08028f37c}</UniqueIdentifier>
    </Filter>
    <Filter Include="Header Files\game">
      <UniqueIdentifier>{145df9fa-eba3-4b70-8be7-2dd6c1160c3f}</UniqueIdentifier>
    </Filter>
    <Filter Include="Header Files\graphics\dx11">
      <UniqueIdentifier>{4420630b-6e23-4084-934a-16e7d7edcf43}</UniqueIdentifier>
    </Filter>
    <Filter Include="Source Files\graphics">
      <UniqueIdentifier>{a974d235-f615-45f4-9fad-a9263d843314}</UniqueIdentifier>
    </Filter>
    <Filter Include="Source Files\graphics\dx11">
      <UniqueIdentifier>{a69e8947-17fe-44fd-b130-95c6b4c33f7c}</UniqueIdentifier>
    </Filter>
    <Filter Include="Source Files\input">
      <UniqueIdentifier>{1f2a09d2-cf8d-4322-b983-98fa1ca0a3b5}</UniqueIdentifier>
    </Filter>
    <Filter Include="Source Files\asset">
      <UniqueIdentifier>{a3bf52be-ea14-4278-ba9c-98295d476086}</UniqueIdentifier>
    </Filter>
    <Filter Include="Source Files\game">
      <UniqueIdentifier>{9b49d924-c4be-4295-ab2f-422012ab2747}</UniqueIdentifier>
    </Filter>
    <Filter Include="Source Files\rendering">
      <UniqueIdentifier>{5515ac82-9a8a-4093-92bb-79420ed8f8fd}</UniqueIdentifier>
    </Filter>
    <Filter Include="Shader Files">
      <UniqueIdentifier>{18d45a49-dc8e-4936-a604-0ba1ab9a48f9}</UniqueIdentifier>
    </Filter>
    <Filter Include="Shader Files\shaders">
      <UniqueIdentifier>{d8f69b72-db64-4da9-bee6-ef615f034f58}</UniqueIdentifier>
    </Filter>
    <Filter Include="Header Files\cpugpu">
      <UniqueIdentifier>{ee79438a-7097-40a1-ae32-1f8aae1a945d}</UniqueIdentifier>
    </Filter>
    <Filter Include="Header Files\sound">
      <UniqueIdentifier>{aa92ea1c-3462-44ca-ae7d-b61f2c7d11b7}</UniqueIdentifier>
    </Filter>
    <Filter Include="Source Files\sound">
      <UniqueIdentifier>{f5d4729d-87ed-4da4-af64-52afb2254a6f}</UniqueIdentifier>
    </Filter>
  </ItemGroup>
  <ItemGroup>
    <ClCompile Include="Main.cpp">
      <Filter>Source Files</Filter>
    </ClCompile>
    <ClCompile Include="dx11\DeviceImpl.cpp">
      <Filter>Source Files\graphics\dx11</Filter>
    </ClCompile>
    <ClCompile Include="dx11\TextureImpl.cpp">
      <Filter>Source Files\graphics\dx11</Filter>
    </ClCompile>
    <ClCompile Include="dx11\TextureViewImpl.cpp">
      <Filter>Source Files\graphics\dx11</Filter>
    </ClCompile>
    <ClCompile Include="dx11\BufferImpl.cpp">
      <Filter>Source Files\graphics\dx11</Filter>
    </ClCompile>
    <ClCompile Include="dx11\BufferViewImpl.cpp">
      <Filter>Source Files\graphics\dx11</Filter>
    </ClCompile>
    <ClCompile Include="dx11\CommandBufferImpl.cpp">
      <Filter>Source Files\graphics\dx11</Filter>
    </ClCompile>
    <ClCompile Include="dx11\DX11Utils.cpp">
      <Filter>Source Files\graphics\dx11</Filter>
    </ClCompile>
    <ClCompile Include="dx11\SamplerImpl.cpp">
      <Filter>Source Files\graphics\dx11</Filter>
    </ClCompile>
    <ClCompile Include="dx11\GraphicsPipelineImpl.cpp">
      <Filter>Source Files\graphics\dx11</Filter>
    </ClCompile>
    <ClCompile Include="dx11\ComputePipelineImpl.cpp">
      <Filter>Source Files\graphics\dx11</Filter>
    </ClCompile>
    <ClCompile Include="dx11\ShaderManagerImpl.cpp">
      <Filter>Source Files\graphics\dx11</Filter>
    </ClCompile>
    <ClCompile Include="dx11\ShaderImpl.cpp">
      <Filter>Source Files\graphics\dx11</Filter>
    </ClCompile>
    <ClCompile Include="Types.cpp">
      <Filter>Source Files</Filter>
    </ClCompile>
    <ClCompile Include="Math.cpp">
      <Filter>Source Files</Filter>
    </ClCompile>
    <ClCompile Include="imgui\imgui.cpp">
      <Filter>Source Files\imgui</Filter>
    </ClCompile>
    <ClCompile Include="imgui\imgui_demo.cpp">
      <Filter>Source Files\imgui</Filter>
    </ClCompile>
    <ClCompile Include="imgui\imgui_draw.cpp">
      <Filter>Source Files\imgui</Filter>
    </ClCompile>
    <ClCompile Include="dx11\MappingImpl.cpp">
      <Filter>Source Files\graphics\dx11</Filter>
    </ClCompile>
    <ClCompile Include="rendering\Camera.cpp">
      <Filter>Source Files\rendering</Filter>
    </ClCompile>
    <ClCompile Include="rendering\ImGuiRenderer.cpp">
      <Filter>Source Files\rendering</Filter>
    </ClCompile>
    <ClCompile Include="rendering\Mesh.cpp">
      <Filter>Source Files\rendering</Filter>
    </ClCompile>
    <ClCompile Include="rendering\SceneRenderer.cpp">
      <Filter>Source Files\rendering</Filter>
    </ClCompile>
    <ClCompile Include="rendering\ScreenBuffers.cpp">
      <Filter>Source Files\rendering</Filter>
    </ClCompile>
    <ClCompile Include="rendering\ImageBuffers.cpp">
      <Filter>Source Files\rendering</Filter>
    </ClCompile>
    <ClCompile Include="graphics\Graphics.cpp">
      <Filter>Source Files\graphics</Filter>
    </ClCompile>
    <ClCompile Include="graphics\ShaderManager.cpp">
      <Filter>Source Files\graphics</Filter>
    </ClCompile>
    <ClCompile Include="input\ImGuiInputHandler.cpp">
      <Filter>Source Files\input</Filter>
    </ClCompile>
    <ClCompile Include="input\InputHandler.cpp">
      <Filter>Source Files\input</Filter>
    </ClCompile>
    <ClCompile Include="asset\AssetLoader.cpp">
      <Filter>Source Files\asset</Filter>
    </ClCompile>
    <ClCompile Include="game\GameLogic.cpp">
      <Filter>Source Files\game</Filter>
    </ClCompile>
    <ClCompile Include="rendering\GeometryCache.cpp">
      <Filter>Source Files\rendering</Filter>
    </ClCompile>
    <ClCompile Include="rendering\Scene.cpp">
      <Filter>Source Files\rendering</Filter>
    </ClCompile>
    <ClCompile Include="rendering\MaterialCache.cpp">
      <Filter>Source Files\rendering</Filter>
    </ClCompile>
    <ClCompile Include="rendering\DebugRenderer.cpp">
      <Filter>Source Files\rendering</Filter>
    </ClCompile>
    <ClCompile Include="rendering\PatchCache.cpp">
      <Filter>Source Files\rendering</Filter>
    </ClCompile>
    <ClCompile Include="FreeList.cpp">
      <Filter>Source Files</Filter>
    </ClCompile>
    <ClCompile Include="rendering\PatchGenerator.cpp">
      <Filter>Source Files</Filter>
    </ClCompile>
    <ClCompile Include="graphics\Image.cpp">
      <Filter>Source Files\graphics</Filter>
    </ClCompile>
    <ClCompile Include="Hash.cpp">
      <Filter>Source Files</Filter>
    </ClCompile>
    <ClCompile Include="Timer.cpp">
      <Filter>Source Files</Filter>
    </ClCompile>
    <ClCompile Include="sound\SoundDevice.cpp">
      <Filter>Source Files\sound</Filter>
    </ClCompile>
    <ClCompile Include="sound\Mixer.cpp">
      <Filter>Source Files\sound</Filter>
    </ClCompile>
    <ClCompile Include="sound\RawAudioBuffer.cpp">
      <Filter>Source Files\sound</Filter>
    </ClCompile>
  </ItemGroup>
  <ItemGroup>
    <ClInclude Include="Errors.hpp">
      <Filter>Header Files</Filter>
    </ClInclude>
    <ClInclude Include="Types.hpp">
      <Filter>Header Files</Filter>
    </ClInclude>
    <ClInclude Include="dx11\DeviceImpl.hpp">
      <Filter>Header Files\graphics\dx11</Filter>
    </ClInclude>
    <ClInclude Include="dx11\TextureImpl.hpp">
      <Filter>Header Files\graphics\dx11</Filter>
    </ClInclude>
    <ClInclude Include="dx11\TextureViewImpl.hpp">
      <Filter>Header Files\graphics\dx11</Filter>
    </ClInclude>
    <ClInclude Include="dx11\BufferImpl.hpp">
      <Filter>Header Files\graphics\dx11</Filter>
    </ClInclude>
    <ClInclude Include="dx11\BufferViewImpl.hpp">
      <Filter>Header Files\graphics\dx11</Filter>
    </ClInclude>
    <ClInclude Include="dx11\CommandBufferImpl.hpp">
      <Filter>Header Files\graphics\dx11</Filter>
    </ClInclude>
    <ClInclude Include="dx11\DX11Utils.hpp">
      <Filter>Header Files\graphics\dx11</Filter>
    </ClInclude>
    <ClInclude Include="dx11\SamplerImpl.hpp">
      <Filter>Header Files\graphics\dx11</Filter>
    </ClInclude>
    <ClInclude Include="dx11\GraphicsPipelineImpl.hpp">
      <Filter>Header Files\graphics\dx11</Filter>
    </ClInclude>
    <ClInclude Include="dx11\ComputePipelineImpl.hpp">
      <Filter>Header Files\graphics\dx11</Filter>
    </ClInclude>
    <ClInclude Include="dx11\ResourceViewImpl.hpp">
      <Filter>Header Files\graphics\dx11</Filter>
    </ClInclude>
    <ClInclude Include="Math.hpp">
      <Filter>Header Files</Filter>
    </ClInclude>
    <ClInclude Include="dx11\ShaderManagerImpl.hpp">
      <Filter>Header Files\graphics\dx11</Filter>
    </ClInclude>
    <ClInclude Include="dx11\ShaderImpl.hpp">
      <Filter>Header Files\graphics\dx11</Filter>
    </ClInclude>
    <ClInclude Include="imgui\stb_truetype.h">
      <Filter>Header Files\imgui</Filter>
    </ClInclude>
    <ClInclude Include="imgui\stb_textedit.h">
      <Filter>Header Files\imgui</Filter>
    </ClInclude>
    <ClInclude Include="imgui\stb_rect_pack.h">
      <Filter>Header Files\imgui</Filter>
    </ClInclude>
    <ClInclude Include="imgui\imconfig.h">
      <Filter>Header Files\imgui</Filter>
    </ClInclude>
    <ClInclude Include="imgui\imgui.h">
      <Filter>Header Files\imgui</Filter>
    </ClInclude>
    <ClInclude Include="imgui\imgui_internal.h">
      <Filter>Header Files\imgui</Filter>
    </ClInclude>
    <ClInclude Include="shaders\ImGuiRenderer.if.h">
      <Filter>Shader Files\shaders</Filter>
    </ClInclude>
    <ClInclude Include="dx11\MappingImpl.hpp">
      <Filter>Header Files\graphics\dx11</Filter>
    </ClInclude>
    <ClInclude Include="rendering\Camera.hpp">
      <Filter>Header Files\rendering</Filter>
    </ClInclude>
    <ClInclude Include="rendering\ImageBuffers.hpp">
      <Filter>Header Files\rendering</Filter>
    </ClInclude>
    <ClInclude Include="rendering\ImGuiRenderer.hpp">
      <Filter>Header Files\rendering</Filter>
    </ClInclude>
    <ClInclude Include="rendering\Mesh.hpp">
      <Filter>Header Files\rendering</Filter>
    </ClInclude>
    <ClInclude Include="rendering\Scene.hpp">
      <Filter>Header Files\rendering</Filter>
    </ClInclude>
    <ClInclude Include="rendering\SceneRenderer.hpp">
      <Filter>Header Files\rendering</Filter>
    </ClInclude>
    <ClInclude Include="rendering\ScreenBuffers.hpp">
      <Filter>Header Files\rendering</Filter>
    </ClInclude>
    <ClInclude Include="graphics\Descriptors.hpp">
      <Filter>Header Files\graphics</Filter>
    </ClInclude>
    <ClInclude Include="graphics\DX11Graphics.hpp">
      <Filter>Header Files\graphics</Filter>
    </ClInclude>
    <ClInclude Include="graphics\Graphics.hpp">
      <Filter>Header Files\graphics</Filter>
    </ClInclude>
    <ClInclude Include="graphics\ShaderManager.hpp">
      <Filter>Header Files\graphics</Filter>
    </ClInclude>
    <ClInclude Include="input\Action.hpp">
      <Filter>Header Files\input</Filter>
    </ClInclude>
    <ClInclude Include="input\ImGuiInputHandler.hpp">
      <Filter>Header Files\input</Filter>
    </ClInclude>
    <ClInclude Include="input\InputHandler.hpp">
      <Filter>Header Files\input</Filter>
    </ClInclude>
    <ClInclude Include="asset\AssetLoader.hpp">
      <Filter>Header Files\asset</Filter>
    </ClInclude>
    <ClInclude Include="game\GameLogic.hpp">
      <Filter>Header Files\game</Filter>
    </ClInclude>
    <ClInclude Include="rendering\GeometryCache.hpp">
      <Filter>Header Files\rendering</Filter>
    </ClInclude>
    <ClInclude Include="shaders\GeometryRenderer.if.h">
      <Filter>Shader Files\shaders</Filter>
    </ClInclude>
    <ClInclude Include="shaders\OctahedralNormal.h.hlsl">
      <Filter>Shader Files\shaders</Filter>
    </ClInclude>
    <ClInclude Include="rendering\MaterialCache.hpp">
      <Filter>Header Files\rendering</Filter>
    </ClInclude>
    <ClInclude Include="shaders\Lighting.if.h">
      <Filter>Shader Files\shaders</Filter>
    </ClInclude>
    <ClInclude Include="cpugpu\ShaderInterface.h">
      <Filter>Header Files\cpugpu</Filter>
    </ClInclude>
    <ClInclude Include="cpugpu\GeometryTypes.h">
      <Filter>Header Files\cpugpu</Filter>
    </ClInclude>
    <ClInclude Include="rendering\DebugRenderer.hpp">
      <Filter>Header Files\rendering</Filter>
    </ClInclude>
    <ClInclude Include="shaders\LineRenderer.if.h">
      <Filter>Shader Files\shaders</Filter>
    </ClInclude>
    <ClInclude Include="shaders\Quaternion.h.hlsl">
      <Filter>Shader Files\shaders</Filter>
    </ClInclude>
    <ClInclude Include="rendering\Patch.hpp">
      <Filter>Header Files\rendering</Filter>
    </ClInclude>
    <ClInclude Include="rendering\PatchCache.hpp">
      <Filter>Header Files\rendering</Filter>
    </ClInclude>
    <ClInclude Include="rendering\PatchGenerator.hpp">
      <Filter>Header Files\rendering</Filter>
    </ClInclude>
    <ClInclude Include="FreeList.hpp">
      <Filter>Header Files</Filter>
    </ClInclude>
    <ClInclude Include="dx11\ShaderResourcesImpl.hpp">
      <Filter>Header Files\graphics\dx11</Filter>
    </ClInclude>
    <ClInclude Include="shaders\SkyModel.h.hlsl">
      <Filter>Shader Files\shaders</Filter>
    </ClInclude>
    <ClInclude Include="shaders\ColorSpaces.h.hlsl">
      <Filter>Shader Files\shaders</Filter>
    </ClInclude>
    <ClInclude Include="cpugpu\Constants.h">
      <Filter>Header Files\cpugpu</Filter>
    </ClInclude>
    <ClInclude Include="graphics\Image.hpp">
      <Filter>Header Files\graphics</Filter>
    </ClInclude>
    <ClInclude Include="Hash.hpp">
      <Filter>Header Files</Filter>
    </ClInclude>
    <ClInclude Include="Timer.hpp">
      <Filter>Header Files</Filter>
    </ClInclude>
    <ClInclude Include="shaders\PatchRenderer.if.h">
      <Filter>Shader Files\shaders</Filter>
    </ClInclude>
    <ClInclude Include="sound\SoundDevice.hpp">
      <Filter>Header Files\sound</Filter>
    </ClInclude>
    <ClInclude Include="sound\Mixer.hpp">
      <Filter>Header Files\sound</Filter>
    </ClInclude>
    <ClInclude Include="sound\RawAudioBuffer.hpp">
      <Filter>Header Files\sound</Filter>
    </ClInclude>
    <ClInclude Include="sound\AudioFormat.hpp">
      <Filter>Header Files\sound</Filter>
    </ClInclude>
  </ItemGroup>
  <ItemGroup>
    <FxCompile Include="shaders\ImGuiRenderer.vs.hlsl">
      <Filter>Shader Files\shaders</Filter>
    </FxCompile>
    <FxCompile Include="shaders\ImGuiRenderer.ps.hlsl">
      <Filter>Shader Files\shaders</Filter>
    </FxCompile>
    <FxCompile Include="shaders\GeometryRenderer.vs.hlsl">
      <Filter>Shader Files\shaders</Filter>
    </FxCompile>
    <FxCompile Include="shaders\GeometryRenderer.ps.hlsl">
      <Filter>Shader Files\shaders</Filter>
    </FxCompile>
    <FxCompile Include="shaders\Lighting.cs.hlsl">
      <Filter>Shader Files\shaders</Filter>
    </FxCompile>
    <FxCompile Include="shaders\LineRenderer.vs.hlsl">
      <Filter>Shader Files\shaders</Filter>
    </FxCompile>
    <FxCompile Include="shaders\LineRenderer.ps.hlsl">
      <Filter>Shader Files\shaders</Filter>
    </FxCompile>
    <FxCompile Include="shaders\PatchRenderer.vs.hlsl">
      <Filter>Shader Files\shaders</Filter>
    </FxCompile>
  </ItemGroup>
</Project>